
Microsoft Visual Studio Solution File, Format Version 12.00
# Visual Studio Version 17
VisualStudioVersion = 17.2.32616.157
MinimumVisualStudioVersion = 10.0.40219.1
Project("{FAE04EC0-301F-11D3-BF4B-00C04F79EFBC}") = "Practice8", "Practice8\Practice8.csproj", "{AF029F03-5068-4A37-922D-840C15D6C0A0}"
EndProject
Global
	GlobalSection(SolutionConfigurationPlatforms) = preSolution
		Debug|Any CPU = Debug|Any CPU
		Release|Any CPU = Release|Any CPU
	EndGlobalSection
	GlobalSection(ProjectConfigurationPlatforms) = postSolution
		{AF029F03-5068-4A37-922D-840C15D6C0A0}.Debug|Any CPU.ActiveCfg = Debug|Any CPU
		{AF029F03-5068-4A37-922D-840C15D6C0A0}.Debug|Any CPU.Build.0 = Debug|Any CPU
		{AF029F03-5068-4A37-922D-840C15D6C0A0}.Release|Any CPU.ActiveCfg = Release|Any CPU
		{AF029F03-5068-4A37-922D-840C15D6C0A0}.Release|Any CPU.Build.0 = Release|Any CPU
	EndGlobalSection
	GlobalSection(SolutionProperties) = preSolution
		HideSolutionNode = FALSE
	EndGlobalSection
	GlobalSection(ExtensibilityGlobals) = postSolution
		SolutionGuid = {4B074EEB-6C7B-4109-B658-8F7FD49E14A5}
	EndGlobalSection
EndGlobal
